
Microsoft Visual Studio Solution File, Format Version 9.00
# Visual Studio 2005
Project("{8BC9CEB8-8B4A-11D0-8D11-00A0C91BC942}") = "DaqBoard", "DaqBoard\DaqBoard.vcproj", "{4EF7D86D-42F9-4F44-AB97-06B316AC8459}"
EndProject
Global
	GlobalSection(SolutionConfigurationPlatforms) = preSolution
		Debug|PictoBox_CE6PlatformSDK (x86) = Debug|PictoBox_CE6PlatformSDK (x86)
		Release|PictoBox_CE6PlatformSDK (x86) = Release|PictoBox_CE6PlatformSDK (x86)
	EndGlobalSection
	GlobalSection(ProjectConfigurationPlatforms) = postSolution
		{4EF7D86D-42F9-4F44-AB97-06B316AC8459}.Debug|PictoBox_CE6PlatformSDK (x86).ActiveCfg = Debug|PictoBox_CE6PlatformSDK (x86)
		{4EF7D86D-42F9-4F44-AB97-06B316AC8459}.Debug|PictoBox_CE6PlatformSDK (x86).Build.0 = Debug|PictoBox_CE6PlatformSDK (x86)
		{4EF7D86D-42F9-4F44-AB97-06B316AC8459}.Debug|PictoBox_CE6PlatformSDK (x86).Deploy.0 = Debug|PictoBox_CE6PlatformSDK (x86)
		{4EF7D86D-42F9-4F44-AB97-06B316AC8459}.Release|PictoBox_CE6PlatformSDK (x86).ActiveCfg = Release|PictoBox_CE6PlatformSDK (x86)
		{4EF7D86D-42F9-4F44-AB97-06B316AC8459}.Release|PictoBox_CE6PlatformSDK (x86).Build.0 = Release|PictoBox_CE6PlatformSDK (x86)
		{4EF7D86D-42F9-4F44-AB97-06B316AC8459}.Release|PictoBox_CE6PlatformSDK (x86).Deploy.0 = Release|PictoBox_CE6PlatformSDK (x86)
	EndGlobalSection
	GlobalSection(SolutionProperties) = preSolution
		HideSolutionNode = FALSE
	EndGlobalSection
EndGlobal
